Microsoft Visual Studio Solution File, Format Version 12.00
# Visual Studio Version 17
VisualStudioVersion = 17.2.32210.308
MinimumVisualStudioVersion = 15.0.26124.0
Project("{2150E333-8FDC-42A3-9474-1A3956D46DE8}") = "Source", "Source", "{22705F6F-51A4-49D7-B915-C05E66D24D32}"
EndProject
Project("{2150E333-8FDC-42A3-9474-1A3956D46DE8}") = "Platforms", "Platforms", "{9AD84814-F728-4635-8042-88A9CC132A4A}"
EndProject
Project("{9A19103F-16F7-4668-BE54-9A1E7A4F7556}") = "AbstractScanner.TestApp", "AbstractScanner.TestApp\AbstractScanner.TestApp.csproj", "{C3A47591-1B95-4C33-AE8B-215796087650}"
EndProject
Project("{9A19103F-16F7-4668-BE54-9A1E7A4F7556}") = "AbstractScanner.TestApp.Shared", "AbstractScanner.TestApp.Shared\AbstractScanner.TestApp.Shared.csproj", "{2189102C-8698-4760-A2C5-ADED686F84E2}"
EndProject
Project("{9A19103F-16F7-4668-BE54-9A1E7A4F7556}") = "AbstractScanner.TestApp.Mobile", "AbstractScanner.TestApp.Mobile\AbstractScanner.TestApp.Mobile.csproj", "{0AAF13C5-BDEA-4ACC-842D-2F2C622AEC88}"
EndProject
Project("{2150E333-8FDC-42A3-9474-1A3956D46DE8}") = "Solution Items", "Solution Items", "{BADA71DC-7FFD-4EDC-9F28-FB74AEADC713}"
	ProjectSection(SolutionItems) = preProject
		.gitignore = .gitignore
		Directory.Build.props = Directory.Build.props
		Directory.Build.targets = Directory.Build.targets
		solution-config.props.sample = solution-config.props.sample
		Directory.Packages.props = Directory.Packages.props
	EndProjectSection
EndProject
Project("{2150E333-8FDC-42A3-9474-1A3956D46DE8}") = "AbstractScannerLibs", "AbstractScannerLibs", "{3EAFAAFD-90A8-44C1-8A4A-EFDB6591358F}"
EndProject
Project("{FAE04EC0-301F-11D3-BF4B-00C04F79EFBC}") = "AbstractScanner", "..\AbstractScanner\AbstractScanner.csproj", "{05A33FA0-37F7-4199-953E-6D6A86C11D95}"
EndProject
Project("{FAE04EC0-301F-11D3-BF4B-00C04F79EFBC}") = "AbstractScanner.NetStandard.Hardware", "..\AbstractScanner.NetStandard.Hardware\AbstractScanner.NetStandard.Hardware.csproj", "{4CC84B0D-80B9-4910-8455-B9AD182AC7BB}"
EndProject
Project("{FAE04EC0-301F-11D3-BF4B-00C04F79EFBC}") = "AbstractScanner.Captuvo.iOS", "..\AbstractScanner.Captuvo.iOS\AbstractScanner.Captuvo.iOS.csproj", "{83DB7735-9FD5-449A-BF42-631C4815A69B}"
EndProject
Project("{FAE04EC0-301F-11D3-BF4B-00C04F79EFBC}") = "AbstractScanner.Captuvo.iOS.Stub", "..\AbstractScanner.Captuvo.iOS.Stub\AbstractScanner.Captuvo.iOS.Stub.csproj", "{BC0849A0-EA09-4156-9776-57D6BC6BA2E0}"
EndProject
Project("{FAE04EC0-301F-11D3-BF4B-00C04F79EFBC}") = "AbstractScanner.Zebra.Droid", "..\AbstractScanner.Zebra.Droid\AbstractScanner.Zebra.Droid.csproj", "{112B18AA-86CA-416D-9801-4DC0D3C1D5F4}"
EndProject
Global
	GlobalSection(SolutionConfigurationPlatforms) = preSolution
		Debug|Any CPU = Debug|Any CPU
		Debug|ARM = Debug|ARM
		Debug|ARM64 = Debug|ARM64
		Debug|iPhone = Debug|iPhone
		Debug|iPhoneSimulator = Debug|iPhoneSimulator
		Debug|x64 = Debug|x64
		Debug|x86 = Debug|x86
		Release|Any CPU = Release|Any CPU
		Release|ARM = Release|ARM
		Release|ARM64 = Release|ARM64
		Release|iPhone = Release|iPhone
		Release|iPhoneSimulator = Release|iPhoneSimulator
		Release|x64 = Release|x64
		Release|x86 = Release|x86
	EndGlobalSection
	GlobalSection(ProjectConfigurationPlatforms) = postSolution
		{0AAF13C5-BDEA-4ACC-842D-2F2C622AEC88}.Debug|Any CPU.ActiveCfg = Debug|Any CPU
		{0AAF13C5-BDEA-4ACC-842D-2F2C622AEC88}.Debug|Any CPU.Build.0 = Debug|Any CPU
		{0AAF13C5-BDEA-4ACC-842D-2F2C622AEC88}.Debug|Any CPU.Deploy.0 = Debug|Any CPU
		{0AAF13C5-BDEA-4ACC-842D-2F2C622AEC88}.Debug|ARM.ActiveCfg = Debug|Any CPU
		{0AAF13C5-BDEA-4ACC-842D-2F2C622AEC88}.Debug|ARM.Build.0 = Debug|Any CPU
		{0AAF13C5-BDEA-4ACC-842D-2F2C622AEC88}.Debug|ARM.Deploy.0 = Debug|Any CPU
		{0AAF13C5-BDEA-4ACC-842D-2F2C622AEC88}.Debug|ARM64.ActiveCfg = Debug|Any CPU
		{0AAF13C5-BDEA-4ACC-842D-2F2C622AEC88}.Debug|ARM64.Build.0 = Debug|Any CPU
		{0AAF13C5-BDEA-4ACC-842D-2F2C622AEC88}.Debug|ARM64.Deploy.0 = Debug|Any CPU
		{0AAF13C5-BDEA-4ACC-842D-2F2C622AEC88}.Debug|iPhone.ActiveCfg = Debug|Any CPU
		{0AAF13C5-BDEA-4ACC-842D-2F2C622AEC88}.Debug|iPhone.Build.0 = Debug|Any CPU
		{0AAF13C5-BDEA-4ACC-842D-2F2C622AEC88}.Debug|iPhone.Deploy.0 = Debug|Any CPU
		{0AAF13C5-BDEA-4ACC-842D-2F2C622AEC88}.Debug|iPhoneSimulator.ActiveCfg = Debug|Any CPU
		{0AAF13C5-BDEA-4ACC-842D-2F2C622AEC88}.Debug|iPhoneSimulator.Build.0 = Debug|Any CPU
		{0AAF13C5-BDEA-4ACC-842D-2F2C622AEC88}.Debug|iPhoneSimulator.Deploy.0 = Debug|Any CPU
		{0AAF13C5-BDEA-4ACC-842D-2F2C622AEC88}.Debug|x64.ActiveCfg = Debug|Any CPU
		{0AAF13C5-BDEA-4ACC-842D-2F2C622AEC88}.Debug|x64.Build.0 = Debug|Any CPU
		{0AAF13C5-BDEA-4ACC-842D-2F2C622AEC88}.Debug|x64.Deploy.0 = Debug|Any CPU
		{0AAF13C5-BDEA-4ACC-842D-2F2C622AEC88}.Debug|x86.ActiveCfg = Debug|Any CPU
		{0AAF13C5-BDEA-4ACC-842D-2F2C622AEC88}.Debug|x86.Build.0 = Debug|Any CPU
		{0AAF13C5-BDEA-4ACC-842D-2F2C622AEC88}.Debug|x86.Deploy.0 = Debug|Any CPU
		{0AAF13C5-BDEA-4ACC-842D-2F2C622AEC88}.Release|Any CPU.ActiveCfg = Release|Any CPU
		{0AAF13C5-BDEA-4ACC-842D-2F2C622AEC88}.Release|Any CPU.Build.0 = Release|Any CPU
		{0AAF13C5-BDEA-4ACC-842D-2F2C622AEC88}.Release|Any CPU.Deploy.0 = Release|Any CPU
		{0AAF13C5-BDEA-4ACC-842D-2F2C622AEC88}.Release|ARM.ActiveCfg = Release|Any CPU
		{0AAF13C5-BDEA-4ACC-842D-2F2C622AEC88}.Release|ARM.Build.0 = Release|Any CPU
		{0AAF13C5-BDEA-4ACC-842D-2F2C622AEC88}.Release|ARM.Deploy.0 = Release|Any CPU
		{0AAF13C5-BDEA-4ACC-842D-2F2C622AEC88}.Release|ARM64.ActiveCfg = Release|Any CPU
		{0AAF13C5-BDEA-4ACC-842D-2F2C622AEC88}.Release|ARM64.Build.0 = Release|Any CPU
		{0AAF13C5-BDEA-4ACC-842D-2F2C622AEC88}.Release|ARM64.Deploy.0 = Release|Any CPU
		{0AAF13C5-BDEA-4ACC-842D-2F2C622AEC88}.Release|iPhone.ActiveCfg = Release|Any CPU
		{0AAF13C5-BDEA-4ACC-842D-2F2C622AEC88}.Release|iPhone.Build.0 = Release|Any CPU
		{0AAF13C5-BDEA-4ACC-842D-2F2C622AEC88}.Release|iPhone.Deploy.0 = Release|Any CPU
		{0AAF13C5-BDEA-4ACC-842D-2F2C622AEC88}.Release|iPhoneSimulator.ActiveCfg = Release|Any CPU
		{0AAF13C5-BDEA-4ACC-842D-2F2C622AEC88}.Release|iPhoneSimulator.Build.0 = Release|Any CPU
		{0AAF13C5-BDEA-4ACC-842D-2F2C622AEC88}.Release|iPhoneSimulator.Deploy.0 = Release|Any CPU
		{0AAF13C5-BDEA-4ACC-842D-2F2C622AEC88}.Release|x64.ActiveCfg = Release|Any CPU
		{0AAF13C5-BDEA-4ACC-842D-2F2C622AEC88}.Release|x64.Build.0 = Release|Any CPU
		{0AAF13C5-BDEA-4ACC-842D-2F2C622AEC88}.Release|x64.Deploy.0 = Release|Any CPU
		{0AAF13C5-BDEA-4ACC-842D-2F2C622AEC88}.Release|x86.ActiveCfg = Release|Any CPU
		{0AAF13C5-BDEA-4ACC-842D-2F2C622AEC88}.Release|x86.Build.0 = Release|Any CPU
		{0AAF13C5-BDEA-4ACC-842D-2F2C622AEC88}.Release|x86.Deploy.0 = Release|Any CPU
		{C3A47591-1B95-4C33-AE8B-215796087650}.Debug|Any CPU.ActiveCfg = Debug|Any CPU
		{C3A47591-1B95-4C33-AE8B-215796087650}.Debug|Any CPU.Build.0 = Debug|Any CPU
		{C3A47591-1B95-4C33-AE8B-215796087650}.Debug|ARM.ActiveCfg = Debug|Any CPU
		{C3A47591-1B95-4C33-AE8B-215796087650}.Debug|ARM.Build.0 = Debug|Any CPU
		{C3A47591-1B95-4C33-AE8B-215796087650}.Debug|ARM64.ActiveCfg = Debug|Any CPU
		{C3A47591-1B95-4C33-AE8B-215796087650}.Debug|ARM64.Build.0 = Debug|Any CPU
		{C3A47591-1B95-4C33-AE8B-215796087650}.Debug|iPhone.ActiveCfg = Debug|Any CPU
		{C3A47591-1B95-4C33-AE8B-215796087650}.Debug|iPhone.Build.0 = Debug|Any CPU
		{C3A47591-1B95-4C33-AE8B-215796087650}.Debug|iPhoneSimulator.ActiveCfg = Debug|Any CPU
		{C3A47591-1B95-4C33-AE8B-215796087650}.Debug|iPhoneSimulator.Build.0 = Debug|Any CPU
		{C3A47591-1B95-4C33-AE8B-215796087650}.Debug|x64.ActiveCfg = Debug|Any CPU
		{C3A47591-1B95-4C33-AE8B-215796087650}.Debug|x64.Build.0 = Debug|Any CPU
		{C3A47591-1B95-4C33-AE8B-215796087650}.Debug|x86.ActiveCfg = Debug|Any CPU
		{C3A47591-1B95-4C33-AE8B-215796087650}.Debug|x86.Build.0 = Debug|Any CPU
		{C3A47591-1B95-4C33-AE8B-215796087650}.Release|Any CPU.ActiveCfg = Release|Any CPU
		{C3A47591-1B95-4C33-AE8B-215796087650}.Release|Any CPU.Build.0 = Release|Any CPU
		{C3A47591-1B95-4C33-AE8B-215796087650}.Release|ARM.ActiveCfg = Release|Any CPU
		{C3A47591-1B95-4C33-AE8B-215796087650}.Release|ARM.Build.0 = Release|Any CPU
		{C3A47591-1B95-4C33-AE8B-215796087650}.Release|ARM64.ActiveCfg = Release|Any CPU
		{C3A47591-1B95-4C33-AE8B-215796087650}.Release|ARM64.Build.0 = Release|Any CPU
		{C3A47591-1B95-4C33-AE8B-215796087650}.Release|iPhone.ActiveCfg = Release|Any CPU
		{C3A47591-1B95-4C33-AE8B-215796087650}.Release|iPhone.Build.0 = Release|Any CPU
		{C3A47591-1B95-4C33-AE8B-215796087650}.Release|iPhoneSimulator.ActiveCfg = Release|Any CPU
		{C3A47591-1B95-4C33-AE8B-215796087650}.Release|iPhoneSimulator.Build.0 = Release|Any CPU
		{C3A47591-1B95-4C33-AE8B-215796087650}.Release|x64.ActiveCfg = Release|Any CPU
		{C3A47591-1B95-4C33-AE8B-215796087650}.Release|x64.Build.0 = Release|Any CPU
		{C3A47591-1B95-4C33-AE8B-215796087650}.Release|x86.ActiveCfg = Release|Any CPU
		{C3A47591-1B95-4C33-AE8B-215796087650}.Release|x86.Build.0 = Release|Any CPU
		{05A33FA0-37F7-4199-953E-6D6A86C11D95}.Debug|Any CPU.ActiveCfg = Debug|Any CPU
		{05A33FA0-37F7-4199-953E-6D6A86C11D95}.Debug|Any CPU.Build.0 = Debug|Any CPU
		{05A33FA0-37F7-4199-953E-6D6A86C11D95}.Debug|ARM.ActiveCfg = Debug|Any CPU
		{05A33FA0-37F7-4199-953E-6D6A86C11D95}.Debug|ARM.Build.0 = Debug|Any CPU
		{05A33FA0-37F7-4199-953E-6D6A86C11D95}.Debug|ARM64.ActiveCfg = Debug|Any CPU
		{05A33FA0-37F7-4199-953E-6D6A86C11D95}.Debug|ARM64.Build.0 = Debug|Any CPU
		{05A33FA0-37F7-4199-953E-6D6A86C11D95}.Debug|iPhone.ActiveCfg = Debug|Any CPU
		{05A33FA0-37F7-4199-953E-6D6A86C11D95}.Debug|iPhone.Build.0 = Debug|Any CPU
		{05A33FA0-37F7-4199-953E-6D6A86C11D95}.Debug|iPhoneSimulator.ActiveCfg = Debug|Any CPU
		{05A33FA0-37F7-4199-953E-6D6A86C11D95}.Debug|iPhoneSimulator.Build.0 = Debug|Any CPU
		{05A33FA0-37F7-4199-953E-6D6A86C11D95}.Debug|x64.ActiveCfg = Debug|Any CPU
		{05A33FA0-37F7-4199-953E-6D6A86C11D95}.Debug|x64.Build.0 = Debug|Any CPU
		{05A33FA0-37F7-4199-953E-6D6A86C11D95}.Debug|x86.ActiveCfg = Debug|Any CPU
		{05A33FA0-37F7-4199-953E-6D6A86C11D95}.Debug|x86.Build.0 = Debug|Any CPU
		{05A33FA0-37F7-4199-953E-6D6A86C11D95}.Release|Any CPU.ActiveCfg = Release|Any CPU
		{05A33FA0-37F7-4199-953E-6D6A86C11D95}.Release|Any CPU.Build.0 = Release|Any CPU
		{05A33FA0-37F7-4199-953E-6D6A86C11D95}.Release|ARM.ActiveCfg = Release|Any CPU
		{05A33FA0-37F7-4199-953E-6D6A86C11D95}.Release|ARM.Build.0 = Release|Any CPU
		{05A33FA0-37F7-4199-953E-6D6A86C11D95}.Release|ARM64.ActiveCfg = Release|Any CPU
		{05A33FA0-37F7-4199-953E-6D6A86C11D95}.Release|ARM64.Build.0 = Release|Any CPU
		{05A33FA0-37F7-4199-953E-6D6A86C11D95}.Release|iPhone.ActiveCfg = Release|Any CPU
		{05A33FA0-37F7-4199-953E-6D6A86C11D95}.Release|iPhone.Build.0 = Release|Any CPU
		{05A33FA0-37F7-4199-953E-6D6A86C11D95}.Release|iPhoneSimulator.ActiveCfg = Release|Any CPU
		{05A33FA0-37F7-4199-953E-6D6A86C11D95}.Release|iPhoneSimulator.Build.0 = Release|Any CPU
		{05A33FA0-37F7-4199-953E-6D6A86C11D95}.Release|x64.ActiveCfg = Release|Any CPU
		{05A33FA0-37F7-4199-953E-6D6A86C11D95}.Release|x64.Build.0 = Release|Any CPU
		{05A33FA0-37F7-4199-953E-6D6A86C11D95}.Release|x86.ActiveCfg = Release|Any CPU
		{05A33FA0-37F7-4199-953E-6D6A86C11D95}.Release|x86.Build.0 = Release|Any CPU
		{4CC84B0D-80B9-4910-8455-B9AD182AC7BB}.Debug|Any CPU.ActiveCfg = Debug|Any CPU
		{4CC84B0D-80B9-4910-8455-B9AD182AC7BB}.Debug|Any CPU.Build.0 = Debug|Any CPU
		{4CC84B0D-80B9-4910-8455-B9AD182AC7BB}.Debug|ARM.ActiveCfg = Debug|Any CPU
		{4CC84B0D-80B9-4910-8455-B9AD182AC7BB}.Debug|ARM.Build.0 = Debug|Any CPU
		{4CC84B0D-80B9-4910-8455-B9AD182AC7BB}.Debug|ARM64.ActiveCfg = Debug|Any CPU
		{4CC84B0D-80B9-4910-8455-B9AD182AC7BB}.Debug|ARM64.Build.0 = Debug|Any CPU
		{4CC84B0D-80B9-4910-8455-B9AD182AC7BB}.Debug|iPhone.ActiveCfg = Debug|Any CPU
		{4CC84B0D-80B9-4910-8455-B9AD182AC7BB}.Debug|iPhone.Build.0 = Debug|Any CPU
		{4CC84B0D-80B9-4910-8455-B9AD182AC7BB}.Debug|iPhoneSimulator.ActiveCfg = Debug|Any CPU
		{4CC84B0D-80B9-4910-8455-B9AD182AC7BB}.Debug|iPhoneSimulator.Build.0 = Debug|Any CPU
		{4CC84B0D-80B9-4910-8455-B9AD182AC7BB}.Debug|x64.ActiveCfg = Debug|Any CPU
		{4CC84B0D-80B9-4910-8455-B9AD182AC7BB}.Debug|x64.Build.0 = Debug|Any CPU
		{4CC84B0D-80B9-4910-8455-B9AD182AC7BB}.Debug|x86.ActiveCfg = Debug|Any CPU
		{4CC84B0D-80B9-4910-8455-B9AD182AC7BB}.Debug|x86.Build.0 = Debug|Any CPU
		{4CC84B0D-80B9-4910-8455-B9AD182AC7BB}.Release|Any CPU.ActiveCfg = Release|Any CPU
		{4CC84B0D-80B9-4910-8455-B9AD182AC7BB}.Release|Any CPU.Build.0 = Release|Any CPU
		{4CC84B0D-80B9-4910-8455-B9AD182AC7BB}.Release|ARM.ActiveCfg = Release|Any CPU
		{4CC84B0D-80B9-4910-8455-B9AD182AC7BB}.Release|ARM.Build.0 = Release|Any CPU
		{4CC84B0D-80B9-4910-8455-B9AD182AC7BB}.Release|ARM64.ActiveCfg = Release|Any CPU
		{4CC84B0D-80B9-4910-8455-B9AD182AC7BB}.Release|ARM64.Build.0 = Release|Any CPU
		{4CC84B0D-80B9-4910-8455-B9AD182AC7BB}.Release|iPhone.ActiveCfg = Release|Any CPU
		{4CC84B0D-80B9-4910-8455-B9AD182AC7BB}.Release|iPhone.Build.0 = Release|Any CPU
		{4CC84B0D-80B9-4910-8455-B9AD182AC7BB}.Release|iPhoneSimulator.ActiveCfg = Release|Any CPU
		{4CC84B0D-80B9-4910-8455-B9AD182AC7BB}.Release|iPhoneSimulator.Build.0 = Release|Any CPU
		{4CC84B0D-80B9-4910-8455-B9AD182AC7BB}.Release|x64.ActiveCfg = Release|Any CPU
		{4CC84B0D-80B9-4910-8455-B9AD182AC7BB}.Release|x64.Build.0 = Release|Any CPU
		{4CC84B0D-80B9-4910-8455-B9AD182AC7BB}.Release|x86.ActiveCfg = Release|Any CPU
		{4CC84B0D-80B9-4910-8455-B9AD182AC7BB}.Release|x86.Build.0 = Release|Any CPU
		{83DB7735-9FD5-449A-BF42-631C4815A69B}.Debug|Any CPU.ActiveCfg = Debug|Any CPU
		{83DB7735-9FD5-449A-BF42-631C4815A69B}.Debug|Any CPU.Build.0 = Debug|Any CPU
		{83DB7735-9FD5-449A-BF42-631C4815A69B}.Debug|ARM.ActiveCfg = Debug|Any CPU
		{83DB7735-9FD5-449A-BF42-631C4815A69B}.Debug|ARM.Build.0 = Debug|Any CPU
		{83DB7735-9FD5-449A-BF42-631C4815A69B}.Debug|ARM64.ActiveCfg = Debug|Any CPU
		{83DB7735-9FD5-449A-BF42-631C4815A69B}.Debug|ARM64.Build.0 = Debug|Any CPU
		{83DB7735-9FD5-449A-BF42-631C4815A69B}.Debug|iPhone.ActiveCfg = Debug|Any CPU
		{83DB7735-9FD5-449A-BF42-631C4815A69B}.Debug|iPhone.Build.0 = Debug|Any CPU
		{83DB7735-9FD5-449A-BF42-631C4815A69B}.Debug|iPhoneSimulator.ActiveCfg = Debug|Any CPU
		{83DB7735-9FD5-449A-BF42-631C4815A69B}.Debug|iPhoneSimulator.Build.0 = Debug|Any CPU
		{83DB7735-9FD5-449A-BF42-631C4815A69B}.Debug|x64.ActiveCfg = Debug|Any CPU
		{83DB7735-9FD5-449A-BF42-631C4815A69B}.Debug|x64.Build.0 = Debug|Any CPU
		{83DB7735-9FD5-449A-BF42-631C4815A69B}.Debug|x86.ActiveCfg = Debug|Any CPU
		{83DB7735-9FD5-449A-BF42-631C4815A69B}.Debug|x86.Build.0 = Debug|Any CPU
		{83DB7735-9FD5-449A-BF42-631C4815A69B}.Release|Any CPU.ActiveCfg = Release|Any CPU
		{83DB7735-9FD5-449A-BF42-631C4815A69B}.Release|Any CPU.Build.0 = Release|Any CPU
		{83DB7735-9FD5-449A-BF42-631C4815A69B}.Release|ARM.ActiveCfg = Release|Any CPU
		{83DB7735-9FD5-449A-BF42-631C4815A69B}.Release|ARM.Build.0 = Release|Any CPU
		{83DB7735-9FD5-449A-BF42-631C4815A69B}.Release|ARM64.ActiveCfg = Release|Any CPU
		{83DB7735-9FD5-449A-BF42-631C4815A69B}.Release|ARM64.Build.0 = Release|Any CPU
		{83DB7735-9FD5-449A-BF42-631C4815A69B}.Release|iPhone.ActiveCfg = Release|Any CPU
		{83DB7735-9FD5-449A-BF42-631C4815A69B}.Release|iPhone.Build.0 = Release|Any CPU
		{83DB7735-9FD5-449A-BF42-631C4815A69B}.Release|iPhoneSimulator.ActiveCfg = Release|Any CPU
		{83DB7735-9FD5-449A-BF42-631C4815A69B}.Release|iPhoneSimulator.Build.0 = Release|Any CPU
		{83DB7735-9FD5-449A-BF42-631C4815A69B}.Release|x64.ActiveCfg = Release|Any CPU
		{83DB7735-9FD5-449A-BF42-631C4815A69B}.Release|x64.Build.0 = Release|Any CPU
		{83DB7735-9FD5-449A-BF42-631C4815A69B}.Release|x86.ActiveCfg = Release|Any CPU
		{83DB7735-9FD5-449A-BF42-631C4815A69B}.Release|x86.Build.0 = Release|Any CPU
		{BC0849A0-EA09-4156-9776-57D6BC6BA2E0}.Debug|Any CPU.ActiveCfg = Debug|Any CPU
		{BC0849A0-EA09-4156-9776-57D6BC6BA2E0}.Debug|Any CPU.Build.0 = Debug|Any CPU
		{BC0849A0-EA09-4156-9776-57D6BC6BA2E0}.Debug|ARM.ActiveCfg = Debug|Any CPU
		{BC0849A0-EA09-4156-9776-57D6BC6BA2E0}.Debug|ARM.Build.0 = Debug|Any CPU
		{BC0849A0-EA09-4156-9776-57D6BC6BA2E0}.Debug|ARM64.ActiveCfg = Debug|Any CPU
		{BC0849A0-EA09-4156-9776-57D6BC6BA2E0}.Debug|ARM64.Build.0 = Debug|Any CPU
		{BC0849A0-EA09-4156-9776-57D6BC6BA2E0}.Debug|iPhone.ActiveCfg = Debug|Any CPU
		{BC0849A0-EA09-4156-9776-57D6BC6BA2E0}.Debug|iPhone.Build.0 = Debug|Any CPU
		{BC0849A0-EA09-4156-9776-57D6BC6BA2E0}.Debug|iPhoneSimulator.ActiveCfg = Debug|Any CPU
		{BC0849A0-EA09-4156-9776-57D6BC6BA2E0}.Debug|iPhoneSimulator.Build.0 = Debug|Any CPU
		{BC0849A0-EA09-4156-9776-57D6BC6BA2E0}.Debug|x64.ActiveCfg = Debug|Any CPU
		{BC0849A0-EA09-4156-9776-57D6BC6BA2E0}.Debug|x64.Build.0 = Debug|Any CPU
		{BC0849A0-EA09-4156-9776-57D6BC6BA2E0}.Debug|x86.ActiveCfg = Debug|Any CPU
		{BC0849A0-EA09-4156-9776-57D6BC6BA2E0}.Debug|x86.Build.0 = Debug|Any CPU
		{BC0849A0-EA09-4156-9776-57D6BC6BA2E0}.Release|Any CPU.ActiveCfg = Release|Any CPU
		{BC0849A0-EA09-4156-9776-57D6BC6BA2E0}.Release|Any CPU.Build.0 = Release|Any CPU
		{BC0849A0-EA09-4156-9776-57D6BC6BA2E0}.Release|ARM.ActiveCfg = Release|Any CPU
		{BC0849A0-EA09-4156-9776-57D6BC6BA2E0}.Release|ARM.Build.0 = Release|Any CPU
		{BC0849A0-EA09-4156-9776-57D6BC6BA2E0}.Release|ARM64.ActiveCfg = Release|Any CPU
		{BC0849A0-EA09-4156-9776-57D6BC6BA2E0}.Release|ARM64.Build.0 = Release|Any CPU
		{BC0849A0-EA09-4156-9776-57D6BC6BA2E0}.Release|iPhone.ActiveCfg = Release|Any CPU
		{BC0849A0-EA09-4156-9776-57D6BC6BA2E0}.Release|iPhone.Build.0 = Release|Any CPU
		{BC0849A0-EA09-4156-9776-57D6BC6BA2E0}.Release|iPhoneSimulator.ActiveCfg = Release|Any CPU
		{BC0849A0-EA09-4156-9776-57D6BC6BA2E0}.Release|iPhoneSimulator.Build.0 = Release|Any CPU
		{BC0849A0-EA09-4156-9776-57D6BC6BA2E0}.Release|x64.ActiveCfg = Release|Any CPU
		{BC0849A0-EA09-4156-9776-57D6BC6BA2E0}.Release|x64.Build.0 = Release|Any CPU
		{BC0849A0-EA09-4156-9776-57D6BC6BA2E0}.Release|x86.ActiveCfg = Release|Any CPU
		{BC0849A0-EA09-4156-9776-57D6BC6BA2E0}.Release|x86.Build.0 = Release|Any CPU
		{112B18AA-86CA-416D-9801-4DC0D3C1D5F4}.Debug|Any CPU.ActiveCfg = Debug|Any CPU
		{112B18AA-86CA-416D-9801-4DC0D3C1D5F4}.Debug|Any CPU.Build.0 = Debug|Any CPU
		{112B18AA-86CA-416D-9801-4DC0D3C1D5F4}.Debug|ARM.ActiveCfg = Debug|Any CPU
		{112B18AA-86CA-416D-9801-4DC0D3C1D5F4}.Debug|ARM.Build.0 = Debug|Any CPU
		{112B18AA-86CA-416D-9801-4DC0D3C1D5F4}.Debug|ARM64.ActiveCfg = Debug|Any CPU
		{112B18AA-86CA-416D-9801-4DC0D3C1D5F4}.Debug|ARM64.Build.0 = Debug|Any CPU
		{112B18AA-86CA-416D-9801-4DC0D3C1D5F4}.Debug|iPhone.ActiveCfg = Debug|Any CPU
		{112B18AA-86CA-416D-9801-4DC0D3C1D5F4}.Debug|iPhone.Build.0 = Debug|Any CPU
		{112B18AA-86CA-416D-9801-4DC0D3C1D5F4}.Debug|iPhoneSimulator.ActiveCfg = Debug|Any CPU
		{112B18AA-86CA-416D-9801-4DC0D3C1D5F4}.Debug|iPhoneSimulator.Build.0 = Debug|Any CPU
		{112B18AA-86CA-416D-9801-4DC0D3C1D5F4}.Debug|x64.ActiveCfg = Debug|Any CPU
		{112B18AA-86CA-416D-9801-4DC0D3C1D5F4}.Debug|x64.Build.0 = Debug|Any CPU
		{112B18AA-86CA-416D-9801-4DC0D3C1D5F4}.Debug|x86.ActiveCfg = Debug|Any CPU
		{112B18AA-86CA-416D-9801-4DC0D3C1D5F4}.Debug|x86.Build.0 = Debug|Any CPU
		{112B18AA-86CA-416D-9801-4DC0D3C1D5F4}.Release|Any CPU.ActiveCfg = Release|Any CPU
		{112B18AA-86CA-416D-9801-4DC0D3C1D5F4}.Release|Any CPU.Build.0 = Release|Any CPU
		{112B18AA-86CA-416D-9801-4DC0D3C1D5F4}.Release|ARM.ActiveCfg = Release|Any CPU
		{112B18AA-86CA-416D-9801-4DC0D3C1D5F4}.Release|ARM.Build.0 = Release|Any CPU
		{112B18AA-86CA-416D-9801-4DC0D3C1D5F4}.Release|ARM64.ActiveCfg = Release|Any CPU
		{112B18AA-86CA-416D-9801-4DC0D3C1D5F4}.Release|ARM64.Build.0 = Release|Any CPU
		{112B18AA-86CA-416D-9801-4DC0D3C1D5F4}.Release|iPhone.ActiveCfg = Release|Any CPU
		{112B18AA-86CA-416D-9801-4DC0D3C1D5F4}.Release|iPhone.Build.0 = Release|Any CPU
		{112B18AA-86CA-416D-9801-4DC0D3C1D5F4}.Release|iPhoneSimulator.ActiveCfg = Release|Any CPU
		{112B18AA-86CA-416D-9801-4DC0D3C1D5F4}.Release|iPhoneSimulator.Build.0 = Release|Any CPU
		{112B18AA-86CA-416D-9801-4DC0D3C1D5F4}.Release|x64.ActiveCfg = Release|Any CPU
		{112B18AA-86CA-416D-9801-4DC0D3C1D5F4}.Release|x64.Build.0 = Release|Any CPU
		{112B18AA-86CA-416D-9801-4DC0D3C1D5F4}.Release|x86.ActiveCfg = Release|Any CPU
		{112B18AA-86CA-416D-9801-4DC0D3C1D5F4}.Release|x86.Build.0 = Release|Any CPU
	EndGlobalSection
	GlobalSection(SolutionProperties) = preSolution
		HideSolutionNode = FALSE
	EndGlobalSection
	GlobalSection(NestedProjects) = preSolution
		{C3A47591-1B95-4C33-AE8B-215796087650} = {22705F6F-51A4-49D7-B915-C05E66D24D32}
		{2189102C-8698-4760-A2C5-ADED686F84E2} = {9AD84814-F728-4635-8042-88A9CC132A4A}
		{9AD84814-F728-4635-8042-88A9CC132A4A} = {22705F6F-51A4-49D7-B915-C05E66D24D32}
		{0AAF13C5-BDEA-4ACC-842D-2F2C622AEC88} = {9AD84814-F728-4635-8042-88A9CC132A4A}
		{3EAFAAFD-90A8-44C1-8A4A-EFDB6591358F} = {22705F6F-51A4-49D7-B915-C05E66D24D32}
		{05A33FA0-37F7-4199-953E-6D6A86C11D95} = {3EAFAAFD-90A8-44C1-8A4A-EFDB6591358F}
		{4CC84B0D-80B9-4910-8455-B9AD182AC7BB} = {3EAFAAFD-90A8-44C1-8A4A-EFDB6591358F}
		{83DB7735-9FD5-449A-BF42-631C4815A69B} = {3EAFAAFD-90A8-44C1-8A4A-EFDB6591358F}
		{BC0849A0-EA09-4156-9776-57D6BC6BA2E0} = {3EAFAAFD-90A8-44C1-8A4A-EFDB6591358F}
		{112B18AA-86CA-416D-9801-4DC0D3C1D5F4} = {3EAFAAFD-90A8-44C1-8A4A-EFDB6591358F}
	EndGlobalSection
	GlobalSection(ExtensibilityGlobals) = postSolution
		SolutionGuid = {917A3F86-B007-428E-A990-CBC606129C1C}
	EndGlobalSection
EndGlobal
